// !$*UTF8*$!
{
	archiveVersion = 1;
	classes = {
	};
	objectVersion = 56;
	objects = {

/* Begin PBXBuildFile section */
		1C94A0162A0525FD0020970C /* AppDelegate.swift in Sources */ = {isa = PBXBuildFile; fileRef = 1C94A0152A0525FD0020970C /* AppDelegate.swift */; };
		1C94A0182A0525FD0020970C /* SceneDelegate.swift in Sources */ = {isa = PBXBuildFile; fileRef = 1C94A0172A0525FD0020970C /* SceneDelegate.swift */; };
		1C94A01D2A0525FD0020970C /* Main.storyboard in Resources */ = {isa = PBXBuildFile; fileRef = 1C94A01B2A0525FD0020970C /* Main.storyboard */; };
		1C94A01F2A0525FF0020970C /* Assets.xcassets in Resources */ = {isa = PBXBuildFile; fileRef = 1C94A01E2A0525FF0020970C /* Assets.xcassets */; };
		1C94A0222A0525FF0020970C /* LaunchScreen.storyboard in Resources */ = {isa = PBXBuildFile; fileRef = 1C94A0202A0525FF0020970C /* LaunchScreen.storyboard */; };
		1C94A02C2A0527DB0020970C /* MainTabbarController.swift in Sources */ = {isa = PBXBuildFile; fileRef = 1C94A02B2A0527DB0020970C /* MainTabbarController.swift */; };
		1C94A02E2A0528660020970C /* FavoriteViewController.swift in Sources */ = {isa = PBXBuildFile; fileRef = 1C94A02D2A0528660020970C /* FavoriteViewController.swift */; };
		1C94A0302A05288D0020970C /* SearchViewController.swift in Sources */ = {isa = PBXBuildFile; fileRef = 1C94A02F2A05288D0020970C /* SearchViewController.swift */; };
		1C94A0322A05289C0020970C /* DownloadsViewController.swift in Sources */ = {isa = PBXBuildFile; fileRef = 1C94A0312A05289C0020970C /* DownloadsViewController.swift */; };
		1C94A0352A052FD30020970C /* Alamofire in Frameworks */ = {isa = PBXBuildFile; productRef = 1C94A0342A052FD30020970C /* Alamofire */; };
		1CF4DB8A2A0531C600411EF7 /* SearchCell.swift in Sources */ = {isa = PBXBuildFile; fileRef = 1CF4DB892A0531C600411EF7 /* SearchCell.swift */; };
		1CF4DB8D2A053FCB00411EF7 /* Search.swift in Sources */ = {isa = PBXBuildFile; fileRef = 1CF4DB8C2A053FCB00411EF7 /* Search.swift */; };
		1CF4DB902A05406600411EF7 /* SearchService.swift in Sources */ = {isa = PBXBuildFile; fileRef = 1CF4DB8F2A05406600411EF7 /* SearchService.swift */; };
		1CF4DB932A05435200411EF7 /* Kingfisher in Frameworks */ = {isa = PBXBuildFile; productRef = 1CF4DB922A05435200411EF7 /* Kingfisher */; };
/* End PBXBuildFile section */

/* Begin PBXFileReference section */
		1C94A0122A0525FD0020970C /* PodCastSwift.app */ = {isa = PBXFileReference; explicitFileType = wrapper.application; includeInIndex = 0; path = PodCastSwift.app; sourceTree = BUILT_PRODUCTS_DIR; };
		1C94A0152A0525FD0020970C /* AppDelegate.swift */ = {isa = PBXFileReference; lastKnownFileType = sourcecode.swift; path = AppDelegate.swift; sourceTree = "<group>"; };
		1C94A0172A0525FD0020970C /* SceneDelegate.swift */ = {isa = PBXFileReference; lastKnownFileType = sourcecode.swift; path = SceneDelegate.swift; sourceTree = "<group>"; };
		1C94A01C2A0525FD0020970C /* Base */ = {isa = PBXFileReference; lastKnownFileType = file.storyboard; name = Base; path = Base.lproj/Main.storyboard; sourceTree = "<group>"; };
		1C94A01E2A0525FF0020970C /* Assets.xcassets */ = {isa = PBXFileReference; lastKnownFileType = folder.assetcatalog; path = Assets.xcassets; sourceTree = "<group>"; };
		1C94A0212A0525FF0020970C /* Base */ = {isa = PBXFileReference; lastKnownFileType = file.storyboard; name = Base; path = Base.lproj/LaunchScreen.storyboard; sourceTree = "<group>"; };
		1C94A0232A0525FF0020970C /* Info.plist */ = {isa = PBXFileReference; lastKnownFileType = text.plist.xml; path = Info.plist; sourceTree = "<group>"; };
		1C94A02B2A0527DB0020970C /* MainTabbarController.swift */ = {isa = PBXFileReference; lastKnownFileType = sourcecode.swift; path = MainTabbarController.swift; sourceTree = "<group>"; };
		1C94A02D2A0528660020970C /* FavoriteViewController.swift */ = {isa = PBXFileReference; lastKnownFileType = sourcecode.swift; path = FavoriteViewController.swift; sourceTree = "<group>"; };
		1C94A02F2A05288D0020970C /* SearchViewController.swift */ = {isa = PBXFileReference; lastKnownFileType = sourcecode.swift; path = SearchViewController.swift; sourceTree = "<group>"; };
		1C94A0312A05289C0020970C /* DownloadsViewController.swift */ = {isa = PBXFileReference; lastKnownFileType = sourcecode.swift; path = DownloadsViewController.swift; sourceTree = "<group>"; };
		1CF4DB892A0531C600411EF7 /* SearchCell.swift */ = {isa = PBXFileReference; lastKnownFileType = sourcecode.swift; path = SearchCell.swift; sourceTree = "<group>"; };
		1CF4DB8C2A053FCB00411EF7 /* Search.swift */ = {isa = PBXFileReference; lastKnownFileType = sourcecode.swift; path = Search.swift; sourceTree = "<group>"; };
		1CF4DB8F2A05406600411EF7 /* SearchService.swift */ = {isa = PBXFileReference; lastKnownFileType = sourcecode.swift; path = SearchService.swift; sourceTree = "<group>"; };
/* End PBXFileReference section */

/* Begin PBXFrameworksBuildPhase section */
		1C94A00F2A0525FD0020970C /* Frameworks */ = {
			isa = PBXFrameworksBuildPhase;
			buildActionMask = 2147483647;
			files = (
				1CF4DB932A05435200411EF7 /* Kingfisher in Frameworks */,
				1C94A0352A052FD30020970C /* Alamofire in Frameworks */,
			);
			runOnlyForDeploymentPostprocessing = 0;
		};
/* End PBXFrameworksBuildPhase section */

/* Begin PBXGroup section */
		1C94A0092A0525FD0020970C = {
			isa = PBXGroup;
			children = (
				1C94A0142A0525FD0020970C /* PodCastSwift */,
				1C94A0132A0525FD0020970C /* Products */,
			);
			sourceTree = "<group>";
		};
		1C94A0132A0525FD0020970C /* Products */ = {
			isa = PBXGroup;
			children = (
				1C94A0122A0525FD0020970C /* PodCastSwift.app */,
			);
			name = Products;
			sourceTree = "<group>";
		};
		1C94A0142A0525FD0020970C /* PodCastSwift */ = {
			isa = PBXGroup;
			children = (
				1CF4DB8E2A05405600411EF7 /* Services */,
				1CF4DB8B2A053FB800411EF7 /* Models */,
				1C94A0362A05318B0020970C /* Views */,
				1C94A02A2A0526380020970C /* Controllers */,
				1C94A0292A0526130020970C /* Files */,
			);
			path = PodCastSwift;
			sourceTree = "<group>";
		};
		1C94A0292A0526130020970C /* Files */ = {
			isa = PBXGroup;
			children = (
				1C94A0232A0525FF0020970C /* Info.plist */,
				1C94A0202A0525FF0020970C /* LaunchScreen.storyboard */,
				1C94A01E2A0525FF0020970C /* Assets.xcassets */,
				1C94A01B2A0525FD0020970C /* Main.storyboard */,
				1C94A0172A0525FD0020970C /* SceneDelegate.swift */,
				1C94A0152A0525FD0020970C /* AppDelegate.swift */,
			);
			path = Files;
			sourceTree = "<group>";
		};
		1C94A02A2A0526380020970C /* Controllers */ = {
			isa = PBXGroup;
			children = (
				1C94A02B2A0527DB0020970C /* MainTabbarController.swift */,
				1C94A02D2A0528660020970C /* FavoriteViewController.swift */,
				1C94A02F2A05288D0020970C /* SearchViewController.swift */,
				1C94A0312A05289C0020970C /* DownloadsViewController.swift */,
			);
			path = Controllers;
			sourceTree = "<group>";
		};
		1C94A0362A05318B0020970C /* Views */ = {
			isa = PBXGroup;
			children = (
				1CF4DB892A0531C600411EF7 /* SearchCell.swift */,
			);
			path = Views;
			sourceTree = "<group>";
		};
		1CF4DB8B2A053FB800411EF7 /* Models */ = {
			isa = PBXGroup;
			children = (
				1CF4DB8C2A053FCB00411EF7 /* Search.swift */,
			);
			path = Models;
			sourceTree = "<group>";
		};
		1CF4DB8E2A05405600411EF7 /* Services */ = {
			isa = PBXGroup;
			children = (
				1CF4DB8F2A05406600411EF7 /* SearchService.swift */,
			);
			path = Services;
			sourceTree = "<group>";
		};
/* End PBXGroup section */

/* Begin PBXNativeTarget section */
		1C94A0112A0525FD0020970C /* PodCastSwift */ = {
			isa = PBXNativeTarget;
			buildConfigurationList = 1C94A0262A0525FF0020970C /* Build configuration list for PBXNativeTarget "PodCastSwift" */;
			buildPhases = (
				1C94A00E2A0525FD0020970C /* Sources */,
				1C94A00F2A0525FD0020970C /* Frameworks */,
				1C94A0102A0525FD0020970C /* Resources */,
			);
			buildRules = (
			);
			dependencies = (
			);
			name = PodCastSwift;
			packageProductDependencies = (
				1C94A0342A052FD30020970C /* Alamofire */,
				1CF4DB922A05435200411EF7 /* Kingfisher */,
			);
			productName = PodCastSwift;
			productReference = 1C94A0122A0525FD0020970C /* PodCastSwift.app */;
			productType = "com.apple.product-type.application";
		};
/* End PBXNativeTarget section */

/* Begin PBXProject section */
		1C94A00A2A0525FD0020970C /* Project object */ = {
			isa = PBXProject;
			attributes = {
				BuildIndependentTargetsInParallel = 1;
				LastSwiftUpdateCheck = 1420;
				LastUpgradeCheck = 1420;
				TargetAttributes = {
					1C94A0112A0525FD0020970C = {
						CreatedOnToolsVersion = 14.2;
					};
				};
			};
			buildConfigurationList = 1C94A00D2A0525FD0020970C /* Build configuration list for PBXProject "PodCastSwift" */;
			compatibilityVersion = "Xcode 14.0";
			developmentRegion = en;
			hasScannedForEncodings = 0;
			knownRegions = (
				en,
				Base,
			);
			mainGroup = 1C94A0092A0525FD0020970C;
			packageReferences = (
				1C94A0332A052FD30020970C /* XCRemoteSwiftPackageReference "Alamofire" */,
				1CF4DB912A05435100411EF7 /* XCRemoteSwiftPackageReference "Kingfisher" */,
			);
			productRefGroup = 1C94A0132A0525FD0020970C /* Products */;
			projectDirPath = "";
			projectRoot = "";
			targets = (
				1C94A0112A0525FD0020970C /* PodCastSwift */,
			);
		};
/* End PBXProject section */

/* Begin PBXResourcesBuildPhase section */
		1C94A0102A0525FD0020970C /* Resources */ = {
			isa = PBXResourcesBuildPhase;
			buildActionMask = 2147483647;
			files = (
				1C94A0222A0525FF0020970C /* LaunchScreen.storyboard in Resources */,
				1C94A01F2A0525FF0020970C /* Assets.xcassets in Resources */,
				1C94A01D2A0525FD0020970C /* Main.storyboard in Resources */,
			);
			runOnlyForDeploymentPostprocessing = 0;
		};
/* End PBXResourcesBuildPhase section */

/* Begin PBXSourcesBuildPhase section */
		1C94A00E2A0525FD0020970C /* Sources */ = {
			isa = PBXSourcesBuildPhase;
			buildActionMask = 2147483647;
			files = (
				1CF4DB902A05406600411EF7 /* SearchService.swift in Sources */,
				1C94A0302A05288D0020970C /* SearchViewController.swift in Sources */,
				1C94A0162A0525FD0020970C /* AppDelegate.swift in Sources */,
				1C94A0322A05289C0020970C /* DownloadsViewController.swift in Sources */,
				1CF4DB8A2A0531C600411EF7 /* SearchCell.swift in Sources */,
				1C94A02C2A0527DB0020970C /* MainTabbarController.swift in Sources */,
				1CF4DB8D2A053FCB00411EF7 /* Search.swift in Sources */,
				1C94A02E2A0528660020970C /* FavoriteViewController.swift in Sources */,
				1C94A0182A0525FD0020970C /* SceneDelegate.swift in Sources */,
			);
			runOnlyForDeploymentPostprocessing = 0;
		};
/* End PBXSourcesBuildPhase section */

/* Begin PBXVariantGroup section */
		1C94A01B2A0525FD0020970C /* Main.storyboard */ = {
			isa = PBXVariantGroup;
			children = (
				1C94A01C2A0525FD0020970C /* Base */,
			);
			name = Main.storyboard;
			sourceTree = "<group>";
		};
		1C94A0202A0525FF0020970C /* LaunchScreen.storyboard */ = {
			isa = PBXVariantGroup;
			children = (
				1C94A0212A0525FF0020970C /* Base */,
			);
			name = LaunchScreen.storyboard;
			sourceTree = "<group>";
		};
/* End PBXVariantGroup section */

/* Begin XCBuildConfiguration section */
		1C94A0242A0525FF0020970C /* Debug */ = {
			isa = XCBuildConfiguration;
			buildSettings = {
				ALWAYS_SEARCH_USER_PATHS = NO;
				CLANG_ANALYZER_NONNULL = YES;
				CLANG_ANALYZER_NUMBER_OBJECT_CONVERSION = YES_AGGRESSIVE;
				CLANG_CXX_LANGUAGE_STANDARD = "gnu++20";
				CLANG_ENABLE_MODULES = YES;
				CLANG_ENABLE_OBJC_ARC = YES;
				CLANG_ENABLE_OBJC_WEAK = YES;
				CLANG_WARN_BLOCK_CAPTURE_AUTORELEASING = YES;
				CLANG_WARN_BOOL_CONVERSION = YES;
				CLANG_WARN_COMMA = YES;
				CLANG_WARN_CONSTANT_CONVERSION = YES;
				CLANG_WARN_DEPRECATED_OBJC_IMPLEMENTATIONS = YES;
				CLANG_WARN_DIRECT_OBJC_ISA_USAGE = YES_ERROR;
				CLANG_WARN_DOCUMENTATION_COMMENTS = YES;
				CLANG_WARN_EMPTY_BODY = YES;
				CLANG_WARN_ENUM_CONVERSION = YES;
				CLANG_WARN_INFINITE_RECURSION = YES;
				CLANG_WARN_INT_CONVERSION = YES;
				CLANG_WARN_NON_LITERAL_NULL_CONVERSION = YES;
				CLANG_WARN_OBJC_IMPLICIT_RETAIN_SELF = YES;
				CLANG_WARN_OBJC_LITERAL_CONVERSION = YES;
				CLANG_WARN_OBJC_ROOT_CLASS = YES_ERROR;
				CLANG_WARN_QUOTED_INCLUDE_IN_FRAMEWORK_HEADER = YES;
				CLANG_WARN_RANGE_LOOP_ANALYSIS = YES;
				CLANG_WARN_STRICT_PROTOTYPES = YES;
				CLANG_WARN_SUSPICIOUS_MOVE = YES;
				CLANG_WARN_UNGUARDED_AVAILABILITY = YES_AGGRESSIVE;
				CLANG_WARN_UNREACHABLE_CODE = YES;
				CLANG_WARN__DUPLICATE_METHOD_MATCH = YES;
				COPY_PHASE_STRIP = NO;
				DEBUG_INFORMATION_FORMAT = dwarf;
				ENABLE_STRICT_OBJC_MSGSEND = YES;
				ENABLE_TESTABILITY = YES;
				GCC_C_LANGUAGE_STANDARD = gnu11;
				GCC_DYNAMIC_NO_PIC = NO;
				GCC_NO_COMMON_BLOCKS = YES;
				GCC_OPTIMIZATION_LEVEL = 0;
				GCC_PREPROCESSOR_DEFINITIONS = (
					"DEBUG=1",
					"$(inherited)",
				);
				GCC_WARN_64_TO_32_BIT_CONVERSION = YES;
				GCC_WARN_ABOUT_RETURN_TYPE = YES_ERROR;
				GCC_WARN_UNDECLARED_SELECTOR = YES;
				GCC_WARN_UNINITIALIZED_AUTOS = YES_AGGRESSIVE;
				GCC_WARN_UNUSED_FUNCTION = YES;
				GCC_WARN_UNUSED_VARIABLE = YES;
				INFOPLIST_FILE = "";
				IPHONEOS_DEPLOYMENT_TARGET = 16.2;
				MTL_ENABLE_DEBUG_INFO = INCLUDE_SOURCE;
				MTL_FAST_MATH = YES;
				ONLY_ACTIVE_ARCH = YES;
				SDKROOT = iphoneos;
				SWIFT_ACTIVE_COMPILATION_CONDITIONS = DEBUG;
				SWIFT_OPTIMIZATION_LEVEL = "-Onone";
			};
			name = Debug;
		};
		1C94A0252A0525FF0020970C /* Release */ = {
			isa = XCBuildConfiguration;
			buildSettings = {
				ALWAYS_SEARCH_USER_PATHS = NO;
				CLANG_ANALYZER_NONNULL = YES;
				CLANG_ANALYZER_NUMBER_OBJECT_CONVERSION = YES_AGGRESSIVE;
				CLANG_CXX_LANGUAGE_STANDARD = "gnu++20";
				CLANG_ENABLE_MODULES = YES;
				CLANG_ENABLE_OBJC_ARC = YES;
				CLANG_ENABLE_OBJC_WEAK = YES;
				CLANG_WARN_BLOCK_CAPTURE_AUTORELEASING = YES;
				CLANG_WARN_BOOL_CONVERSION = YES;
				CLANG_WARN_COMMA = YES;
				CLANG_WARN_CONSTANT_CONVERSION = YES;
				CLANG_WARN_DEPRECATED_OBJC_IMPLEMENTATIONS = YES;
				CLANG_WARN_DIRECT_OBJC_ISA_USAGE = YES_ERROR;
				CLANG_WARN_DOCUMENTATION_COMMENTS = YES;
				CLANG_WARN_EMPTY_BODY = YES;
				CLANG_WARN_ENUM_CONVERSION = YES;
				CLANG_WARN_INFINITE_RECURSION = YES;
				CLANG_WARN_INT_CONVERSION = YES;
				CLANG_WARN_NON_LITERAL_NULL_CONVERSION = YES;
				CLANG_WARN_OBJC_IMPLICIT_RETAIN_SELF = YES;
				CLANG_WARN_OBJC_LITERAL_CONVERSION = YES;
				CLANG_WARN_OBJC_ROOT_CLASS = YES_ERROR;
				CLANG_WARN_QUOTED_INCLUDE_IN_FRAMEWORK_HEADER = YES;
				CLANG_WARN_RANGE_LOOP_ANALYSIS = YES;
				CLANG_WARN_STRICT_PROTOTYPES = YES;
				CLANG_WARN_SUSPICIOUS_MOVE = YES;
				CLANG_WARN_UNGUARDED_AVAILABILITY = YES_AGGRESSIVE;
				CLANG_WARN_UNREACHABLE_CODE = YES;
				CLANG_WARN__DUPLICATE_METHOD_MATCH = YES;
				COPY_PHASE_STRIP = NO;
				DEBUG_INFORMATION_FORMAT = "dwarf-with-dsym";
				ENABLE_NS_ASSERTIONS = NO;
				ENABLE_STRICT_OBJC_MSGSEND = YES;
				GCC_C_LANGUAGE_STANDARD = gnu11;
				GCC_NO_COMMON_BLOCKS = YES;
				GCC_WARN_64_TO_32_BIT_CONVERSION = YES;
				GCC_WARN_ABOUT_RETURN_TYPE = YES_ERROR;
				GCC_WARN_UNDECLARED_SELECTOR = YES;
				GCC_WARN_UNINITIALIZED_AUTOS = YES_AGGRESSIVE;
				GCC_WARN_UNUSED_FUNCTION = YES;
				GCC_WARN_UNUSED_VARIABLE = YES;
				INFOPLIST_FILE = "";
				IPHONEOS_DEPLOYMENT_TARGET = 16.2;
				MTL_ENABLE_DEBUG_INFO = NO;
				MTL_FAST_MATH = YES;
				SDKROOT = iphoneos;
				SWIFT_COMPILATION_MODE = wholemodule;
				SWIFT_OPTIMIZATION_LEVEL = "-O";
				VALIDATE_PRODUCT = YES;
			};
			name = Release;
		};
		1C94A0272A0525FF0020970C /* Debug */ = {
			isa = XCBuildConfiguration;
			buildSettings = {
				ASSETCATALOG_COMPILER_APPICON_NAME = AppIcon;
				ASSETCATALOG_COMPILER_GLOBAL_ACCENT_COLOR_NAME = AccentColor;
				CODE_SIGN_STYLE = Automatic;
				CURRENT_PROJECT_VERSION = 1;
				DEVELOPMENT_TEAM = 54M6VWH583;
				GENERATE_INFOPLIST_FILE = YES;
				INFOPLIST_FILE = PodCastSwift/Files/Info.plist;
				INFOPLIST_KEY_UIApplicationSupportsIndirectInputEvents = YES;
				INFOPLIST_KEY_UILaunchStoryboardName = LaunchScreen;
				INFOPLIST_KEY_UIMainStoryboardFile = "";
				INFOPLIST_KEY_UISupportedInterfaceOrientations_iPad = "UIInterfaceOrientationPortrait UIInterfaceOrientationPortraitUpsideDown UIInterfaceOrientationLandscapeLeft UIInterfaceOrientationLandscapeRight";
				INFOPLIST_KEY_UISupportedInterfaceOrientations_iPhone = "UIInterfaceOrientationPortrait UIInterfaceOrientationLandscapeLeft UIInterfaceOrientationLandscapeRight";
				LD_RUNPATH_SEARCH_PATHS = (
					"$(inherited)",
					"@executable_path/Frameworks",
				);
				MARKETING_VERSION = 1.0;
				PRODUCT_BUNDLE_IDENTIFIER = com.ahmethakan.PodCastSwift;
				PRODUCT_NAME = "$(TARGET_NAME)";
				SWIFT_EMIT_LOC_STRINGS = YES;
				SWIFT_VERSION = 5.0;
				TARGETED_DEVICE_FAMILY = "1,2";
			};
			name = Debug;
		};
		1C94A0282A0525FF0020970C /* Release */ = {
			isa = XCBuildConfiguration;
			buildSettings = {
				ASSETCATALOG_COMPILER_APPICON_NAME = AppIcon;
				ASSETCATALOG_COMPILER_GLOBAL_ACCENT_COLOR_NAME = AccentColor;
				CODE_SIGN_STYLE = Automatic;
				CURRENT_PROJECT_VERSION = 1;
				DEVELOPMENT_TEAM = 54M6VWH583;
				GENERATE_INFOPLIST_FILE = YES;
				INFOPLIST_FILE = PodCastSwift/Files/Info.plist;
				INFOPLIST_KEY_UIApplicationSupportsIndirectInputEvents = YES;
				INFOPLIST_KEY_UILaunchStoryboardName = LaunchScreen;
				INFOPLIST_KEY_UIMainStoryboardFile = "";
				INFOPLIST_KEY_UISupportedInterfaceOrientations_iPad = "UIInterfaceOrientationPortrait UIInterfaceOrientationPortraitUpsideDown UIInterfaceOrientationLandscapeLeft UIInterfaceOrientationLandscapeRight";
				INFOPLIST_KEY_UISupportedInterfaceOrientations_iPhone = "UIInterfaceOrientationPortrait UIInterfaceOrientationLandscapeLeft UIInterfaceOrientationLandscapeRight";
				LD_RUNPATH_SEARCH_PATHS = (
					"$(inherited)",
					"@executable_path/Frameworks",
				);
				MARKETING_VERSION = 1.0;
				PRODUCT_BUNDLE_IDENTIFIER = com.ahmethakan.PodCastSwift;
				PRODUCT_NAME = "$(TARGET_NAME)";
				SWIFT_EMIT_LOC_STRINGS = YES;
				SWIFT_VERSION = 5.0;
				TARGETED_DEVICE_FAMILY = "1,2";
			};
			name = Release;
		};
/* End XCBuildConfiguration section */

/* Begin XCConfigurationList section */
		1C94A00D2A0525FD0020970C /* Build configuration list for PBXProject "PodCastSwift" */ = {
			isa = XCConfigurationList;
			buildConfigurations = (
				1C94A0242A0525FF0020970C /* Debug */,
				1C94A0252A0525FF0020970C /* Release */,
			);
			defaultConfigurationIsVisible = 0;
			defaultConfigurationName = Release;
		};
		1C94A0262A0525FF0020970C /* Build configuration list for PBXNativeTarget "PodCastSwift" */ = {
			isa = XCConfigurationList;
			buildConfigurations = (
				1C94A0272A0525FF0020970C /* Debug */,
				1C94A0282A0525FF0020970C /* Release */,
			);
			defaultConfigurationIsVisible = 0;
			defaultConfigurationName = Release;
		};
/* End XCConfigurationList section */

/* Begin XCRemoteSwiftPackageReference section */
		1C94A0332A052FD30020970C /* XCRemoteSwiftPackageReference "Alamofire" */ = {
			isa = XCRemoteSwiftPackageReference;
			repositoryURL = "https://github.com/Alamofire/Alamofire.git";
			requirement = {
				branch = master;
				kind = branch;
			};
		};
		1CF4DB912A05435100411EF7 /* XCRemoteSwiftPackageReference "Kingfisher" */ = {
			isa = XCRemoteSwiftPackageReference;
			repositoryURL = "https://github.com/onevcat/Kingfisher.git";
			requirement = {
				branch = master;
				kind = branch;
			};
		};
/* End XCRemoteSwiftPackageReference section */

/* Begin XCSwiftPackageProductDependency section */
		1C94A0342A052FD30020970C /* Alamofire */ = {
			isa = XCSwiftPackageProductDependency;
			package = 1C94A0332A052FD30020970C /* XCRemoteSwiftPackageReference "Alamofire" */;
			productName = Alamofire;
		};
		1CF4DB922A05435200411EF7 /* Kingfisher */ = {
			isa = XCSwiftPackageProductDependency;
			package = 1CF4DB912A05435100411EF7 /* XCRemoteSwiftPackageReference "Kingfisher" */;
			productName = Kingfisher;
		};
/* End XCSwiftPackageProductDependency section */
	};
	rootObject = 1C94A00A2A0525FD0020970C /* Project object */;
}
